{
  "requires": true,
  "lockfileVersion": 1,
  "dependencies": {
    "tiny-slider": {
      "version": "2.5.2",
      "resolved": "https://registry.npmjs.org/tiny-slider/-/tiny-slider-2.5.2.tgz",
      "integrity": "sha512-TTnhOQXD+4b+VYN4QkoX5Be4c+OgQ/O8IDmQ8RY4R/4XyOvblBMCEFE3gQWKmK1tGFN9CsrBv/PH9CdSe9Ghgg=="
    },
    "vue-tiny-slider": {
      "version": "0.1.10",
      "resolved": "https://registry.npmjs.org/vue-tiny-slider/-/vue-tiny-slider-0.1.10.tgz",
      "integrity": "sha1-4HUVFPr7UB2Ep/cTHQk6MStGGFk=",
      "requires": {
        "tiny-slider": "2.5.2"
      }
    }
  }
}
